
Microsoft Visual Studio Solution File, Format Version 12.00
# Visual Studio Version 16
VisualStudioVersion = 16.0.30011.22
MinimumVisualStudioVersion = 10.0.40219.1
Project("{9A19103F-16F7-4668-BE54-9A1E7A4F7556}") = "ConsoleApp1", "ConsoleApp1\ConsoleApp1.csproj", "{7B40C57A-2714-447B-8B54-09484C00FAB2}"
EndProject
Project("{9A19103F-16F7-4668-BE54-9A1E7A4F7556}") = "ConsoleApp2", "ConsoleApp2\ConsoleApp2.csproj", "{65C815C4-6C8E-4351-9D55-0220718E9022}"
EndProject
Project("{FAE04EC0-301F-11D3-BF4B-00C04F79EFBC}") = "Encapsulation", "ConsoleApp3\Encapsulation.csproj", "{0C607ACF-C4EC-4FE7-814E-9EA55D4F63D2}"
EndProject
Global
	GlobalSection(SolutionConfigurationPlatforms) = preSolution
		Debug|Any CPU = Debug|Any CPU
		Release|Any CPU = Release|Any CPU
	EndGlobalSection
	GlobalSection(ProjectConfigurationPlatforms) = postSolution
		{7B40C57A-2714-447B-8B54-09484C00FAB2}.Debug|Any CPU.ActiveCfg = Debug|Any CPU
		{7B40C57A-2714-447B-8B54-09484C00FAB2}.Debug|Any CPU.Build.0 = Debug|Any CPU
		{7B40C57A-2714-447B-8B54-09484C00FAB2}.Release|Any CPU.ActiveCfg = Release|Any CPU
		{7B40C57A-2714-447B-8B54-09484C00FAB2}.Release|Any CPU.Build.0 = Release|Any CPU
		{65C815C4-6C8E-4351-9D55-0220718E9022}.Debug|Any CPU.ActiveCfg = Debug|Any CPU
		{65C815C4-6C8E-4351-9D55-0220718E9022}.Debug|Any CPU.Build.0 = Debug|Any CPU
		{65C815C4-6C8E-4351-9D55-0220718E9022}.Release|Any CPU.ActiveCfg = Release|Any CPU
		{65C815C4-6C8E-4351-9D55-0220718E9022}.Release|Any CPU.Build.0 = Release|Any CPU
		{0C607ACF-C4EC-4FE7-814E-9EA55D4F63D2}.Debug|Any CPU.ActiveCfg = Debug|Any CPU
		{0C607ACF-C4EC-4FE7-814E-9EA55D4F63D2}.Debug|Any CPU.Build.0 = Debug|Any CPU
		{0C607ACF-C4EC-4FE7-814E-9EA55D4F63D2}.Release|Any CPU.ActiveCfg = Release|Any CPU
		{0C607ACF-C4EC-4FE7-814E-9EA55D4F63D2}.Release|Any CPU.Build.0 = Release|Any CPU
	EndGlobalSection
	GlobalSection(SolutionProperties) = preSolution
		HideSolutionNode = FALSE
	EndGlobalSection
	GlobalSection(ExtensibilityGlobals) = postSolution
		SolutionGuid = {668A5607-5364-4EF8-B11E-14A61BCE54E3}
	EndGlobalSection
EndGlobal
